lockfileVersion: '9.0'

settings:
  autoInstallPeers: true
  excludeLinksFromLockfile: false

importers:

  .:
    dependencies:
      '@fastify/deepmerge':
        specifier: ^3.2.1
        version: 3.2.1
      js-yaml:
        specifier: ^5.2.3
        version: 5.2.3
    devDependencies:
      '@types/node':
        specifier: ^26.1.2
        version: 26.1.2

packages:

  '@fastify/deepmerge@3.2.1':
    resolution: {integrity: sha512-N5Oqvltoa2r9z1tbx4xjky0oRR60v+T47Ic4J1ukoVQcptLOrIdRnCSdTGmOmajZuHVKlTnfcmrjyqsGEW1ztA==}

  '@types/node@26.1.2':
    resolution: {integrity: sha512-Vu4a5UFA9rIIFJ7rB/Vaafh9lrCQszopTCx6KjFboXTGQbPNasehVR5TEiithSDGyd1DEiUByggTZsg8jukeIg==}

  argparse@2.0.1:
    resolution: {integrity: sha512-8+9WqebbFzpX9OR+Wa6O29asIogeRMzcGtAINdpMHHyAg10f05aSFVBbcEqGf/PXw1EjAZ+q2/bEBg3DvurK3Q==}

  js-yaml@5.2.3:
    resolution: {integrity: sha512-n+mUVyUX5bVv7G/G2zyIHOhdxfuU1dY2NOFzTQUWiMUbFss8b57NFlgCCaggU78wSw5KVS9cllzeLyzyR+n5nw==}
    hasBin: true

  undici-types@8.3.0:
    resolution: {integrity: sha512-j375ScV60dom+YkPFIfTLcOiPxkN/buHz5GobjLhixFuANaNs3C9l4GmrWqejgXWJ7BbJcFYpTEUkS1Ge8bpZQ==}

snapshots:

  '@fastify/deepmerge@3.2.1': {}

  '@types/node@26.1.2':
    dependencies:
      undici-types: 8.3.0

  argparse@2.0.1: {}

  js-yaml@5.2.3:
    dependencies:
      argparse: 2.0.1

  undici-types@8.3.0: {}
